cookbook 'elasticsearch', :path => '/home/berryb/pr/elasticsearch'
cookbook 'ark', :git => 'git://github.com/bryanwb/chef-ark.git', :ref => '721692625e1bff6f651f1032ef14adf355dc216b'
cookbook 'java', :git => 'git://github.com/bryanwb/java', :ref => '8576a1b3a65599bfe50e49f462921071a2e04cb0'
cookbook 'apt', :locked_version => '1.4.2'
cookbook 'logrotate', :locked_version => '0.8.2'
cookbook 'vim', :locked_version => '1.0.2'
cookbook 'monit', :locked_version => '0.7.0'
cookbook 'nginx', :locked_version => '0.101.6'
cookbook 'minitest-handler', :git => 'git@github.com:btm/minitest-handler-cookbook.git', :ref => 'db7590b6e38efb8a53360b0b470e9ad8c2932ed5'
cookbook 'build-essential', :locked_version => '1.0.2'
cookbook 'runit', :locked_version => '0.15.0'
cookbook 'bluepill', :locked_version => '1.0.4'
cookbook 'yum', :locked_version => '0.6.2'
cookbook 'ohai', :locked_version => '1.0.2'
cookbook 'chef_handler', :locked_version => '1.0.6'